// !$*UTF8*$!
{
	archiveVersion = 1;
	classes = {
	};
	objectVersion = 77;
	objects = {

/* Begin PBXContainerItemProxy section */
		B5CC93FA2E55006F00619A6F /* PBXContainerItemProxy */ = {
			isa = PBXContainerItemProxy;
			containerPortal = B5CC93DB2E55006E00619A6F /* Project object */;
			proxyType = 1;
			remoteGlobalIDString = B5CC93E22E55006E00619A6F;
			remoteInfo = XCloneApp;
		};
		B5CC94042E55006F00619A6F /* PBXContainerItemProxy */ = {
			isa = PBXContainerItemProxy;
			containerPortal = B5CC93DB2E55006E00619A6F /* Project object */;
			proxyType = 1;
			remoteGlobalIDString = B5CC93E22E55006E00619A6F;
			remoteInfo = XCloneApp;
		};
/* End PBXContainerItemProxy section */

/* Begin PBXFileReference section */
		B5CC93E32E55006E00619A6F /* XCloneApp.app */ = {isa = PBXFileReference; explicitFileType = wrapper.application; includeInIndex = 0; path = XCloneApp.app; sourceTree = BUILT_PRODUCTS_DIR; };
		B5CC93F92E55006F00619A6F /* XCloneAppTests.xctest */ = {isa = PBXFileReference; explicitFileType = wrapper.cfbundle; includeInIndex = 0; path = XCloneAppTests.xctest; sourceTree = BUILT_PRODUCTS_DIR; };
		B5CC94032E55006F00619A6F /* XCloneAppUITests.xctest */ = {isa = PBXFileReference; explicitFileType = wrapper.cfbundle; includeInIndex = 0; path = XCloneAppUITests.xctest; sourceTree = BUILT_PRODUCTS_DIR; };
/* End PBXFileReference section */

/* Begin PBXFileSystemSynchronizedBuildFileExceptionSet section */
		B5CC940B2E55006F00619A6F /* Exceptions for "XCloneApp" folder in "XCloneApp" target */ = {
			isa = PBXFileSystemSynchronizedBuildFileExceptionSet;
			membershipExceptions = (
				Info.plist,
			);
			target = B5CC93E22E55006E00619A6F /* XCloneApp */;
		};
/* End PBXFileSystemSynchronizedBuildFileExceptionSet section */

/* Begin PBXFileSystemSynchronizedRootGroup section */
		B5CC93E52E55006E00619A6F /* XCloneApp */ = {
			isa = PBXFileSystemSynchronizedRootGroup;
			exceptions = (
				B5CC940B2E55006F00619A6F /* Exceptions for "XCloneApp" folder in "XCloneApp" target */,
			);
			path = XCloneApp;
			sourceTree = "<group>";
		};
		B5CC93FC2E55006F00619A6F /* XCloneAppTests */ = {
			isa = PBXFileSystemSynchronizedRootGroup;
			path = XCloneAppTests;
			sourceTree = "<group>";
		};
		B5CC94062E55006F00619A6F /* XCloneAppUITests */ = {
			isa = PBXFileSystemSynchronizedRootGroup;
			path = XCloneAppUITests;
			sourceTree = "<group>";
		};
/* End PBXFileSystemSynchronizedRootGroup section */

/* Begin PBXFrameworksBuildPhase section */
		B5CC93E02E55006E00619A6F /* Frameworks */ = {
			isa = PBXFrameworksBuildPhase;
			buildActionMask = 2147483647;
			files = (
			);
			runOnlyForDeploymentPostprocessing = 0;
		};
		B5CC93F62E55006F00619A6F /* Frameworks */ = {
			isa = PBXFrameworksBuildPhase;
			buildActionMask = 2147483647;
			files = (
			);
			runOnlyForDeploymentPostprocessing = 0;
		};
		B5CC94002E55006F00619A6F /* Frameworks */ = {
			isa = PBXFrameworksBuildPhase;
			buildActionMask = 2147483647;
			files = (
			);
			runOnlyForDeploymentPostprocessing = 0;
		};
/* End PBXFrameworksBuildPhase section */

/* Begin PBXGroup section */
		B5CC93DA2E55006E00619A6F = {
			isa = PBXGroup;
			children = (
				B5CC93E52E55006E00619A6F /* XCloneApp */,
				B5CC93FC2E55006F00619A6F /* XCloneAppTests */,
				B5CC94062E55006F00619A6F /* XCloneAppUITests */,
				B5CC93E42E55006E00619A6F /* Products */,
			);
			sourceTree = "<group>";
		};
		B5CC93E42E55006E00619A6F /* Products */ = {
			isa = PBXGroup;
			children = (
				B5CC93E32E55006E00619A6F /* XCloneApp.app */,
				B5CC93F92E55006F00619A6F /* XCloneAppTests.xctest */,
				B5CC94032E55006F00619A6F /* XCloneAppUITests.xctest */,
			);
			name = Products;
			sourceTree = "<group>";
		};
/* End PBXGroup section */

/* Begin PBXNativeTarget section */
		B5CC93E22E55006E00619A6F /* XCloneApp */ = {
			isa = PBXNativeTarget;
			buildConfigurationList = B5CC940C2E55006F00619A6F /* Build configuration list for PBXNativeTarget "XCloneApp" */;
			buildPhases = (
				B5284BDA2E57BE62006BD939 /* ShellScript */,
				B5CC93DF2E55006E00619A6F /* Sources */,
				B5CC93E02E55006E00619A6F /* Frameworks */,
				B5CC93E12E55006E00619A6F /* Resources */,
			);
			buildRules = (
			);
			dependencies = (
			);
			fileSystemSynchronizedGroups = (
				B5CC93E52E55006E00619A6F /* XCloneApp */,
			);
			name = XCloneApp;
			packageProductDependencies = (
			);
			productName = XCloneApp;
			productReference = B5CC93E32E55006E00619A6F /* XCloneApp.app */;
			productType = "com.apple.product-type.application";
		};
		B5CC93F82E55006F00619A6F /* XCloneAppTests */ = {
			isa = PBXNativeTarget;
			buildConfigurationList = B5CC94112E55006F00619A6F /* Build configuration list for PBXNativeTarget "XCloneAppTests" */;
			buildPhases = (
				B5CC93F52E55006F00619A6F /* Sources */,
				B5CC93F62E55006F00619A6F /* Frameworks */,
				B5CC93F72E55006F00619A6F /* Resources */,
			);
			buildRules = (
			);
			dependencies = (
				B5CC93FB2E55006F00619A6F /* PBXTargetDependency */,
			);
			fileSystemSynchronizedGroups = (
				B5CC93FC2E55006F00619A6F /* XCloneAppTests */,
			);
			name = XCloneAppTests;
			packageProductDependencies = (
			);
			productName = XCloneAppTests;
			productReference = B5CC93F92E55006F00619A6F /* XCloneAppTests.xctest */;
			productType = "com.apple.product-type.bundle.unit-test";
		};
		B5CC94022E55006F00619A6F /* XCloneAppUITests */ = {
			isa = PBXNativeTarget;
			buildConfigurationList = B5CC94142E55006F00619A6F /* Build configuration list for PBXNativeTarget "XCloneAppUITests" */;
			buildPhases = (
				B5CC93FF2E55006F00619A6F /* Sources */,
				B5CC94002E55006F00619A6F /* Frameworks */,
				B5CC94012E55006F00619A6F /* Resources */,
			);
			buildRules = (
			);
			dependencies = (
				B5CC94052E55006F00619A6F /* PBXTargetDependency */,
			);
			fileSystemSynchronizedGroups = (
				B5CC94062E55006F00619A6F /* XCloneAppUITests */,
			);
			name = XCloneAppUITests;
			packageProductDependencies = (
			);
			productName = XCloneAppUITests;
			productReference = B5CC94032E55006F00619A6F /* XCloneAppUITests.xctest */;
			productType = "com.apple.product-type.bundle.ui-testing";
		};
/* End PBXNativeTarget section */

/* Begin PBXProject section */
		B5CC93DB2E55006E00619A6F /* Project object */ = {
			isa = PBXProject;
			attributes = {
				BuildIndependentTargetsInParallel = 1;
				LastSwiftUpdateCheck = 1610;
				LastUpgradeCheck = 1610;
				TargetAttributes = {
					B5CC93E22E55006E00619A6F = {
						CreatedOnToolsVersion = 16.1;
					};
					B5CC93F82E55006F00619A6F = {
						CreatedOnToolsVersion = 16.1;
						TestTargetID = B5CC93E22E55006E00619A6F;
					};
					B5CC94022E55006F00619A6F = {
						CreatedOnToolsVersion = 16.1;
						TestTargetID = B5CC93E22E55006E00619A6F;
					};
				};
			};
			buildConfigurationList = B5CC93DE2E55006E00619A6F /* Build configuration list for PBXProject "XCloneApp" */;
			developmentRegion = en;
			hasScannedForEncodings = 0;
			knownRegions = (
				en,
				Base,
			);
			mainGroup = B5CC93DA2E55006E00619A6F;
			minimizedProjectReferenceProxies = 1;
			preferredProjectObjectVersion = 77;
			productRefGroup = B5CC93E42E55006E00619A6F /* Products */;
			projectDirPath = "";
			projectRoot = "";
			targets = (
				B5CC93E22E55006E00619A6F /* XCloneApp */,
				B5CC93F82E55006F00619A6F /* XCloneAppTests */,
				B5CC94022E55006F00619A6F /* XCloneAppUITests */,
			);
		};
/* End PBXProject section */

/* Begin PBXResourcesBuildPhase section */
		B5CC93E12E55006E00619A6F /* Resources */ = {
			isa = PBXResourcesBuildPhase;
			buildActionMask = 2147483647;
			files = (
			);
			runOnlyForDeploymentPostprocessing = 0;
		};
		B5CC93F72E55006F00619A6F /* Resources */ = {
			isa = PBXResourcesBuildPhase;
			buildActionMask = 2147483647;
			files = (
			);
			runOnlyForDeploymentPostprocessing = 0;
		};
		B5CC94012E55006F00619A6F /* Resources */ = {
			isa = PBXResourcesBuildPhase;
			buildActionMask = 2147483647;
			files = (
			);
			runOnlyForDeploymentPostprocessing = 0;
		};
/* End PBXResourcesBuildPhase section */

/* Begin PBXShellScriptBuildPhase section */
		B5284BDA2E57BE62006BD939 /* ShellScript */ = {
			isa = PBXShellScriptBuildPhase;
			buildActionMask = 2147483647;
			files = (
			);
			inputFileListPaths = (
			);
			inputPaths = (
			);
			outputFileListPaths = (
			);
			outputPaths = (
			);
			runOnlyForDeploymentPostprocessing = 0;
			shellPath = /bin/sh;
			shellScript = "# Type a script or drag a script file from your workspace to insert its path.\n\ncd \"$SRCROOT\"\necho \">>> SwiftLint Debug <<<\"\necho \"SRCROOT is: $SRCROOT\"\nls -1 \"$SRCROOT\" | head -20\necho \">>> End Debug <<<\"\n\nif [[ \"$(uname -m)\" == arm64 ]]\nthen\n    export PATH=\"/opt/homebrew/bin:$PATH\"\nfi\n\nif command -v swiftlint >/dev/null 2>&1\nthen\n    swiftlint\nelse\n    echo \"warning: `swiftlint` command not found...\"\nfi\n";
		};
/* End PBXShellScriptBuildPhase section */

/* Begin PBXSourcesBuildPhase section */
		B5CC93DF2E55006E00619A6F /* Sources */ = {
			isa = PBXSourcesBuildPhase;
			buildActionMask = 2147483647;
			files = (
			);
			runOnlyForDeploymentPostprocessing = 0;
		};
		B5CC93F52E55006F00619A6F /* Sources */ = {
			isa = PBXSourcesBuildPhase;
			buildActionMask = 2147483647;
			files = (
			);
			runOnlyForDeploymentPostprocessing = 0;
		};
		B5CC93FF2E55006F00619A6F /* Sources */ = {
			isa = PBXSourcesBuildPhase;
			buildActionMask = 2147483647;
			files = (
			);
			runOnlyForDeploymentPostprocessing = 0;
		};
/* End PBXSourcesBuildPhase section */

/* Begin PBXTargetDependency section */
		B5CC93FB2E55006F00619A6F /* PBXTargetDependency */ = {
			isa = PBXTargetDependency;
			target = B5CC93E22E55006E00619A6F /* XCloneApp */;
			targetProxy = B5CC93FA2E55006F00619A6F /* PBXContainerItemProxy */;
		};
		B5CC94052E55006F00619A6F /* PBXTargetDependency */ = {
			isa = PBXTargetDependency;
			target = B5CC93E22E55006E00619A6F /* XCloneApp */;
			targetProxy = B5CC94042E55006F00619A6F /* PBXContainerItemProxy */;
		};
/* End PBXTargetDependency section */

/* Begin XCBuildConfiguration section */
		B5CC940D2E55006F00619A6F /* Debug */ = {
			isa = XCBuildConfiguration;
			buildSettings = {
				ASSETCATALOG_COMPILER_APPICON_NAME = AppIcon;
				ASSETCATALOG_COMPILER_GLOBAL_ACCENT_COLOR_NAME = AccentColor;
				CODE_SIGN_STYLE = Automatic;
				CURRENT_PROJECT_VERSION = 1;
				GENERATE_INFOPLIST_FILE = YES;
				INFOPLIST_FILE = XCloneApp/Info.plist;
				INFOPLIST_KEY_UIApplicationSupportsIndirectInputEvents = YES;
				INFOPLIST_KEY_UILaunchStoryboardName = LaunchScreen;
				INFOPLIST_KEY_UISupportedInterfaceOrientations_iPad = "UIInterfaceOrientationPortrait UIInterfaceOrientationPortraitUpsideDown UIInterfaceOrientationLandscapeLeft UIInterfaceOrientationLandscapeRight";
				INFOPLIST_KEY_UISupportedInterfaceOrientations_iPhone = "UIInterfaceOrientationPortrait UIInterfaceOrientationLandscapeLeft UIInterfaceOrientationLandscapeRight";
				LD_RUNPATH_SEARCH_PATHS = (
					"$(inherited)",
					"@executable_path/Frameworks",
				);
				MARKETING_VERSION = 1.0;
				PRODUCT_BUNDLE_IDENTIFIER = Abhay.XCloneApp;
				PRODUCT_NAME = "$(TARGET_NAME)";
				SWIFT_EMIT_LOC_STRINGS = YES;
				SWIFT_VERSION = 5.0;
				TARGETED_DEVICE_FAMILY = "1,2";
			};
			name = Debug;
		};
		B5CC940E2E55006F00619A6F /* Release */ = {
			isa = XCBuildConfiguration;
			buildSettings = {
				ASSETCATALOG_COMPILER_APPICON_NAME = AppIcon;
				ASSETCATALOG_COMPILER_GLOBAL_ACCENT_COLOR_NAME = AccentColor;
				CODE_SIGN_STYLE = Automatic;
				CURRENT_PROJECT_VERSION = 1;
				GENERATE_INFOPLIST_FILE = YES;
				INFOPLIST_FILE = XCloneApp/Info.plist;
				INFOPLIST_KEY_UIApplicationSupportsIndirectInputEvents = YES;
				INFOPLIST_KEY_UILaunchStoryboardName = LaunchScreen;
				INFOPLIST_KEY_UISupportedInterfaceOrientations_iPad = "UIInterfaceOrientationPortrait UIInterfaceOrientationPortraitUpsideDown UIInterfaceOrientationLandscapeLeft UIInterfaceOrientationLandscapeRight";
				INFOPLIST_KEY_UISupportedInterfaceOrientations_iPhone = "UIInterfaceOrientationPortrait UIInterfaceOrientationLandscapeLeft UIInterfaceOrientationLandscapeRight";
				LD_RUNPATH_SEARCH_PATHS = (
					"$(inherited)",
					"@executable_path/Frameworks",
				);
				MARKETING_VERSION = 1.0;
				PRODUCT_BUNDLE_IDENTIFIER = Abhay.XCloneApp;
				PRODUCT_NAME = "$(TARGET_NAME)";
				SWIFT_EMIT_LOC_STRINGS = YES;
				SWIFT_VERSION = 5.0;
				TARGETED_DEVICE_FAMILY = "1,2";
			};
			name = Release;
		};
		B5CC940F2E55006F00619A6F /* Debug */ = {
			isa = XCBuildConfiguration;
			buildSettings = {
				ALWAYS_SEARCH_USER_PATHS = NO;
				ASSETCATALOG_COMPILER_GENERATE_SWIFT_ASSET_SYMBOL_EXTENSIONS = YES;
				CLANG_ANALYZER_NONNULL = YES;
				CLANG_ANALYZER_NUMBER_OBJECT_CONVERSION = YES_AGGRESSIVE;
				CLANG_CXX_LANGUAGE_STANDARD = "gnu++20";
				CLANG_ENABLE_MODULES = YES;
				CLANG_ENABLE_OBJC_ARC = YES;
				CLANG_ENABLE_OBJC_WEAK = YES;
				CLANG_WARN_BLOCK_CAPTURE_AUTORELEASING = YES;
				CLANG_WARN_BOOL_CONVERSION = YES;
				CLANG_WARN_COMMA = YES;
				CLANG_WARN_CONSTANT_CONVERSION = YES;
				CLANG_WARN_DEPRECATED_OBJC_IMPLEMENTATIONS = YES;
				CLANG_WARN_DIRECT_OBJC_ISA_USAGE = YES_ERROR;
				CLANG_WARN_DOCUMENTATION_COMMENTS = YES;
				CLANG_WARN_EMPTY_BODY = YES;
				CLANG_WARN_ENUM_CONVERSION = YES;
				CLANG_WARN_INFINITE_RECURSION = YES;
				CLANG_WARN_INT_CONVERSION = YES;
				CLANG_WARN_NON_LITERAL_NULL_CONVERSION = YES;
				CLANG_WARN_OBJC_IMPLICIT_RETAIN_SELF = YES;
				CLANG_WARN_OBJC_LITERAL_CONVERSION = YES;
				CLANG_WARN_OBJC_ROOT_CLASS = YES_ERROR;
				CLANG_WARN_QUOTED_INCLUDE_IN_FRAMEWORK_HEADER = YES;
				CLANG_WARN_RANGE_LOOP_ANALYSIS = YES;
				CLANG_WARN_STRICT_PROTOTYPES = YES;
				CLANG_WARN_SUSPICIOUS_MOVE = YES;
				CLANG_WARN_UNGUARDED_AVAILABILITY = YES_AGGRESSIVE;
				CLANG_WARN_UNREACHABLE_CODE = YES;
				CLANG_WARN__DUPLICATE_METHOD_MATCH = YES;
				COPY_PHASE_STRIP = NO;
				DEBUG_INFORMATION_FORMAT = dwarf;
				ENABLE_STRICT_OBJC_MSGSEND = YES;
				ENABLE_TESTABILITY = YES;
				ENABLE_USER_SCRIPT_SANDBOXING = NO;
				GCC_C_LANGUAGE_STANDARD = gnu17;
				GCC_DYNAMIC_NO_PIC = NO;
				GCC_NO_COMMON_BLOCKS = YES;
				GCC_OPTIMIZATION_LEVEL = 0;
				GCC_PREPROCESSOR_DEFINITIONS = (
					"DEBUG=1",
					"$(inherited)",
				);
				GCC_WARN_64_TO_32_BIT_CONVERSION = YES;
				GCC_WARN_ABOUT_RETURN_TYPE = YES_ERROR;
				GCC_WARN_UNDECLARED_SELECTOR = YES;
				GCC_WARN_UNINITIALIZED_AUTOS = YES_AGGRESSIVE;
				GCC_WARN_UNUSED_FUNCTION = YES;
				GCC_WARN_UNUSED_VARIABLE = YES;
				IPHONEOS_DEPLOYMENT_TARGET = 18.1;
				LOCALIZATION_PREFERS_STRING_CATALOGS = YES;
				MTL_ENABLE_DEBUG_INFO = INCLUDE_SOURCE;
				MTL_FAST_MATH = YES;
				ONLY_ACTIVE_ARCH = YES;
				SDKROOT = iphoneos;
				SWIFT_ACTIVE_COMPILATION_CONDITIONS = "DEBUG $(inherited)";
				SWIFT_OPTIMIZATION_LEVEL = "-Onone";
			};
			name = Debug;
		};
		B5CC94102E55006F00619A6F /* Release */ = {
			isa = XCBuildConfiguration;
			buildSettings = {
				ALWAYS_SEARCH_USER_PATHS = NO;
				ASSETCATALOG_COMPILER_GENERATE_SWIFT_ASSET_SYMBOL_EXTENSIONS = YES;
				CLANG_ANALYZER_NONNULL = YES;
				CLANG_ANALYZER_NUMBER_OBJECT_CONVERSION = YES_AGGRESSIVE;
				CLANG_CXX_LANGUAGE_STANDARD = "gnu++20";
				CLANG_ENABLE_MODULES = YES;
				CLANG_ENABLE_OBJC_ARC = YES;
				CLANG_ENABLE_OBJC_WEAK = YES;
				CLANG_WARN_BLOCK_CAPTURE_AUTORELEASING = YES;
				CLANG_WARN_BOOL_CONVERSION = YES;
				CLANG_WARN_COMMA = YES;
				CLANG_WARN_CONSTANT_CONVERSION = YES;
				CLANG_WARN_DEPRECATED_OBJC_IMPLEMENTATIONS = YES;
				CLANG_WARN_DIRECT_OBJC_ISA_USAGE = YES_ERROR;
				CLANG_WARN_DOCUMENTATION_COMMENTS = YES;
				CLANG_WARN_EMPTY_BODY = YES;
				CLANG_WARN_ENUM_CONVERSION = YES;
				CLANG_WARN_INFINITE_RECURSION = YES;
				CLANG_WARN_INT_CONVERSION = YES;
				CLANG_WARN_NON_LITERAL_NULL_CONVERSION = YES;
				CLANG_WARN_OBJC_IMPLICIT_RETAIN_SELF = YES;
				CLANG_WARN_OBJC_LITERAL_CONVERSION = YES;
				CLANG_WARN_OBJC_ROOT_CLASS = YES_ERROR;
				CLANG_WARN_QUOTED_INCLUDE_IN_FRAMEWORK_HEADER = YES;
				CLANG_WARN_RANGE_LOOP_ANALYSIS = YES;
				CLANG_WARN_STRICT_PROTOTYPES = YES;
				CLANG_WARN_SUSPICIOUS_MOVE = YES;
				CLANG_WARN_UNGUARDED_AVAILABILITY = YES_AGGRESSIVE;
				CLANG_WARN_UNREACHABLE_CODE = YES;
				CLANG_WARN__DUPLICATE_METHOD_MATCH = YES;
				COPY_PHASE_STRIP = NO;
				DEBUG_INFORMATION_FORMAT = "dwarf-with-dsym";
				ENABLE_NS_ASSERTIONS = NO;
				ENABLE_STRICT_OBJC_MSGSEND = YES;
				ENABLE_USER_SCRIPT_SANDBOXING = NO;
				GCC_C_LANGUAGE_STANDARD = gnu17;
				GCC_NO_COMMON_BLOCKS = YES;
				GCC_WARN_64_TO_32_BIT_CONVERSION = YES;
				GCC_WARN_ABOUT_RETURN_TYPE = YES_ERROR;
				GCC_WARN_UNDECLARED_SELECTOR = YES;
				GCC_WARN_UNINITIALIZED_AUTOS = YES_AGGRESSIVE;
				GCC_WARN_UNUSED_FUNCTION = YES;
				GCC_WARN_UNUSED_VARIABLE = YES;
				IPHONEOS_DEPLOYMENT_TARGET = 18.1;
				LOCALIZATION_PREFERS_STRING_CATALOGS = YES;
				MTL_ENABLE_DEBUG_INFO = NO;
				MTL_FAST_MATH = YES;
				SDKROOT = iphoneos;
				SWIFT_COMPILATION_MODE = wholemodule;
				VALIDATE_PRODUCT = YES;
			};
			name = Release;
		};
		B5CC94122E55006F00619A6F /* Debug */ = {
			isa = XCBuildConfiguration;
			buildSettings = {
				BUNDLE_LOADER = "$(TEST_HOST)";
				CODE_SIGN_STYLE = Automatic;
				CURRENT_PROJECT_VERSION = 1;
				GENERATE_INFOPLIST_FILE = YES;
				IPHONEOS_DEPLOYMENT_TARGET = 18.1;
				MARKETING_VERSION = 1.0;
				PRODUCT_BUNDLE_IDENTIFIER = Abhay.XCloneAppTests;
				PRODUCT_NAME = "$(TARGET_NAME)";
				SWIFT_EMIT_LOC_STRINGS = NO;
				SWIFT_VERSION = 5.0;
				TARGETED_DEVICE_FAMILY = "1,2";
				TEST_HOST = "$(BUILT_PRODUCTS_DIR)/XCloneApp.app/$(BUNDLE_EXECUTABLE_FOLDER_PATH)/XCloneApp";
			};
			name = Debug;
		};
		B5CC94132E55006F00619A6F /* Release */ = {
			isa = XCBuildConfiguration;
			buildSettings = {
				BUNDLE_LOADER = "$(TEST_HOST)";
				CODE_SIGN_STYLE = Automatic;
				CURRENT_PROJECT_VERSION = 1;
				GENERATE_INFOPLIST_FILE = YES;
				IPHONEOS_DEPLOYMENT_TARGET = 18.1;
				MARKETING_VERSION = 1.0;
				PRODUCT_BUNDLE_IDENTIFIER = Abhay.XCloneAppTests;
				PRODUCT_NAME = "$(TARGET_NAME)";
				SWIFT_EMIT_LOC_STRINGS = NO;
				SWIFT_VERSION = 5.0;
				TARGETED_DEVICE_FAMILY = "1,2";
				TEST_HOST = "$(BUILT_PRODUCTS_DIR)/XCloneApp.app/$(BUNDLE_EXECUTABLE_FOLDER_PATH)/XCloneApp";
			};
			name = Release;
		};
		B5CC94152E55006F00619A6F /* Debug */ = {
			isa = XCBuildConfiguration;
			buildSettings = {
				CODE_SIGN_STYLE = Automatic;
				CURRENT_PROJECT_VERSION = 1;
				GENERATE_INFOPLIST_FILE = YES;
				MARKETING_VERSION = 1.0;
				PRODUCT_BUNDLE_IDENTIFIER = Abhay.XCloneAppUITests;
				PRODUCT_NAME = "$(TARGET_NAME)";
				SWIFT_EMIT_LOC_STRINGS = NO;
				SWIFT_VERSION = 5.0;
				TARGETED_DEVICE_FAMILY = "1,2";
				TEST_TARGET_NAME = XCloneApp;
			};
			name = Debug;
		};
		B5CC94162E55006F00619A6F /* Release */ = {
			isa = XCBuildConfiguration;
			buildSettings = {
				CODE_SIGN_STYLE = Automatic;
				CURRENT_PROJECT_VERSION = 1;
				GENERATE_INFOPLIST_FILE = YES;
				MARKETING_VERSION = 1.0;
				PRODUCT_BUNDLE_IDENTIFIER = Abhay.XCloneAppUITests;
				PRODUCT_NAME = "$(TARGET_NAME)";
				SWIFT_EMIT_LOC_STRINGS = NO;
				SWIFT_VERSION = 5.0;
				TARGETED_DEVICE_FAMILY = "1,2";
				TEST_TARGET_NAME = XCloneApp;
			};
			name = Release;
		};
/* End XCBuildConfiguration section */

/* Begin XCConfigurationList section */
		B5CC93DE2E55006E00619A6F /* Build configuration list for PBXProject "XCloneApp" */ = {
			isa = XCConfigurationList;
			buildConfigurations = (
				B5CC940F2E55006F00619A6F /* Debug */,
				B5CC94102E55006F00619A6F /* Release */,
			);
			defaultConfigurationIsVisible = 0;
			defaultConfigurationName = Release;
		};
		B5CC940C2E55006F00619A6F /* Build configuration list for PBXNativeTarget "XCloneApp" */ = {
			isa = XCConfigurationList;
			buildConfigurations = (
				B5CC940D2E55006F00619A6F /* Debug */,
				B5CC940E2E55006F00619A6F /* Release */,
			);
			defaultConfigurationIsVisible = 0;
			defaultConfigurationName = Release;
		};
		B5CC94112E55006F00619A6F /* Build configuration list for PBXNativeTarget "XCloneAppTests" */ = {
			isa = XCConfigurationList;
			buildConfigurations = (
				B5CC94122E55006F00619A6F /* Debug */,
				B5CC94132E55006F00619A6F /* Release */,
			);
			defaultConfigurationIsVisible = 0;
			defaultConfigurationName = Release;
		};
		B5CC94142E55006F00619A6F /* Build configuration list for PBXNativeTarget "XCloneAppUITests" */ = {
			isa = XCConfigurationList;
			buildConfigurations = (
				B5CC94152E55006F00619A6F /* Debug */,
				B5CC94162E55006F00619A6F /* Release */,
			);
			defaultConfigurationIsVisible = 0;
			defaultConfigurationName = Release;
		};
/* End XCConfigurationList section */
	};
	rootObject = B5CC93DB2E55006E00619A6F /* Project object */;
}
